<?xml version="1.0" encoding="UTF-8" standalone="yes" ?>
<CodeBlocks_project_file>
	<FileVersion major="1" minor="6" />
	<Project>
		<Option title="covert" />
		<Option pch_mode="2" />
		<Option compiler="gcc" />
		<Build>
			<Target title="Debug">
				<Option output="bin/Debug/covert" prefix_auto="1" extension_auto="1" />
				<Option object_output="obj/Debug/" />
				<Option type="1" />
				<Option compiler="gcc" />
				<Compiler>
					<Add option="-g" />
					<Add directory="include" />
					<Add directory="/home/nicolai/codeblocks-workspace/cryptopp820" />
				</Compiler>
				<Linker>
					<Add library="/home/nicolai/codeblocks-workspace/cryptopp820/libcryptopp.a" />
					<Add directory="/home/nicolai/codeblocks-workspace/cryptopp820" />
				</Linker>
			</Target>
			<Target title="Release">
				<Option output="bin/Release/covert" prefix_auto="1" extension_auto="1" />
				<Option object_output="obj/Release/" />
				<Option type="1" />
				<Option compiler="gcc" />
				<Compiler>
					<Add option="-O2" />
					<Add directory="include" />
				</Compiler>
				<Linker>
					<Add option="-s" />
					<Add library="/home/nicolai/codeblocks-workspace/lib/cryptopp/libcryptopp.a" />
					<Add library="/home/nicolai/codeblocks-workspace/lib/libOTe/lib/libcryptoTools.a" />
					<Add library="/home/nicolai/codeblocks-workspace/lib/libOTe/lib/liblibOTe.a" />
					<Add library="/home/nicolai/codeblocks-workspace/lib/libOTe/lib/liblibOTe_Tests.a" />
					<Add library="/home/nicolai/codeblocks-workspace/lib/libOTe/lib/libtests_cryptoTools.a" />
					<Add library="/home/nicolai/codeblocks-workspace/lib/emp/emp-tool/libemp-tool.so" />
				</Linker>
			</Target>
		</Build>
		<Compiler>
			<Add option="-Wall" />
			<Add option="-fexceptions" />
		</Compiler>
		<Unit filename="circuits/adder64.txt" />
		<Unit filename="circuits/aes_128.txt" />
		<Unit filename="circuits/aes_192.txt" />
		<Unit filename="circuits/aes_256.txt" />
		<Unit filename="circuits/divide64.txt" />
		<Unit filename="circuits/keccak_f.txt" />
		<Unit filename="circuits/mult2_64.txt" />
		<Unit filename="circuits/mult64.txt" />
		<Unit filename="circuits/neg64.txt" />
		<Unit filename="circuits/sha256.txt" />
		<Unit filename="circuits/sha512.txt" />
		<Unit filename="circuits/simple.txt" />
		<Unit filename="circuits/sub64.txt" />
		<Unit filename="circuits/udivide.txt" />
		<Unit filename="circuits/zero_equal.txt" />
		<Unit filename="include/CircuitInterface.h" />
		<Unit filename="include/CircuitReader.h" />
		<Unit filename="include/EvaluatorHalf.h" />
		<Unit filename="include/GV.h" />
		<Unit filename="include/GarbledCircuit.h" />
		<Unit filename="include/HalfCircuit.h" />
		<Unit filename="include/PartyA.h" />
		<Unit filename="include/PartyB.h" />
		<Unit filename="include/Util.h" />
		<Unit filename="main.cpp" />
		<Unit filename="src/CircuitInterface.cpp" />
		<Unit filename="src/CircuitReader.cpp" />
		<Unit filename="src/EvaluatorHalf.cpp" />
		<Unit filename="src/GarbledCircuit.cpp" />
		<Unit filename="src/HalfCircuit.cpp" />
		<Unit filename="src/PartyA.cpp" />
		<Unit filename="src/PartyB.cpp" />
		<Unit filename="src/Util.cpp" />
		<Extensions>
			<code_completion />
			<debugger />
		</Extensions>
	</Project>
</CodeBlocks_project_file>
